
Microsoft Visual Studio Solution File, Format Version 12.00
# Visual Studio 15
VisualStudioVersion = 15.0.27703.2035
MinimumVisualStudioVersion = 10.0.40219.1
Project("{00D1A9C2-B5F0-4AF3-8072-F6C62B433612}") = "AdventureWorks", "AdventureWorks\AdventureWorks.sqlproj", "{2DFBA462-3B38-4F37-8EDB-85A48D054AFC}"
EndProject
Global
	GlobalSection(SolutionConfigurationPlatforms) = preSolution
		Debug|Any CPU = Debug|Any CPU
		Release|Any CPU = Release|Any CPU
	EndGlobalSection
	GlobalSection(ProjectConfigurationPlatforms) = postSolution
		{2DFBA462-3B38-4F37-8EDB-85A48D054AFC}.Debug|Any CPU.ActiveCfg = Debug|Any CPU
		{2DFBA462-3B38-4F37-8EDB-85A48D054AFC}.Debug|Any CPU.Build.0 = Debug|Any CPU
		{2DFBA462-3B38-4F37-8EDB-85A48D054AFC}.Debug|Any CPU.Deploy.0 = Debug|Any CPU
		{2DFBA462-3B38-4F37-8EDB-85A48D054AFC}.Release|Any CPU.ActiveCfg = Release|Any CPU
		{2DFBA462-3B38-4F37-8EDB-85A48D054AFC}.Release|Any CPU.Build.0 = Release|Any CPU
		{2DFBA462-3B38-4F37-8EDB-85A48D054AFC}.Release|Any CPU.Deploy.0 = Release|Any CPU
	EndGlobalSection
	GlobalSection(SolutionProperties) = preSolution
		HideSolutionNode = FALSE
	EndGlobalSection
	GlobalSection(ExtensibilityGlobals) = postSolution
		SolutionGuid = {1BEA281F-9B52-46E2-89BD-50751486A898}
	EndGlobalSection
EndGlobal
